
Microsoft Visual Studio Solution File, Format Version 12.00
# Visual Studio Version 16
VisualStudioVersion = 16.0.30128.74
MinimumVisualStudioVersion = 10.0.40219.1
Project("{F184B08F-C81C-45F6-A57F-5ABD9991F28F}") = "TaludeSimples", "TaludeSimples.vbproj", "{3790CDF2-04D2-4268-9D01-0D682471F333}"
EndProject
Global
	GlobalSection(SolutionConfigurationPlatforms) = preSolution
		Debug|Any CPU = Debug|Any CPU
		Release|Any CPU = Release|Any CPU
	EndGlobalSection
	GlobalSection(ProjectConfigurationPlatforms) = postSolution
		{3790CDF2-04D2-4268-9D01-0D682471F333}.Debug|Any CPU.ActiveCfg = Debug|Any CPU
		{3790CDF2-04D2-4268-9D01-0D682471F333}.Debug|Any CPU.Build.0 = Debug|Any CPU
		{3790CDF2-04D2-4268-9D01-0D682471F333}.Release|Any CPU.ActiveCfg = Release|Any CPU
		{3790CDF2-04D2-4268-9D01-0D682471F333}.Release|Any CPU.Build.0 = Release|Any CPU
	EndGlobalSection
	GlobalSection(SolutionProperties) = preSolution
		HideSolutionNode = FALSE
	EndGlobalSection
	GlobalSection(ExtensibilityGlobals) = postSolution
		SolutionGuid = {36FA0068-445B-4ACD-94EA-BD84E59F91D4}
	EndGlobalSection
EndGlobal
